
Microsoft Visual Studio Solution File, Format Version 12.00
# Visual Studio Version 16
VisualStudioVersion = 16.0.30621.155
MinimumVisualStudioVersion = 10.0.40219.1
Project("{FAE04EC0-301F-11D3-BF4B-00C04F79EFBC}") = "Formula de Bhaskara", "Formula de Bhaskara\Formula de Bhaskara.csproj", "{ABB888DA-5CED-447D-9293-A49AC7246FC2}"
EndProject
Global
	GlobalSection(SolutionConfigurationPlatforms) = preSolution
		Debug|Any CPU = Debug|Any CPU
		Release|Any CPU = Release|Any CPU
	EndGlobalSection
	GlobalSection(ProjectConfigurationPlatforms) = postSolution
		{ABB888DA-5CED-447D-9293-A49AC7246FC2}.Debug|Any CPU.ActiveCfg = Debug|Any CPU
		{ABB888DA-5CED-447D-9293-A49AC7246FC2}.Debug|Any CPU.Build.0 = Debug|Any CPU
		{ABB888DA-5CED-447D-9293-A49AC7246FC2}.Release|Any CPU.ActiveCfg = Release|Any CPU
		{ABB888DA-5CED-447D-9293-A49AC7246FC2}.Release|Any CPU.Build.0 = Release|Any CPU
	EndGlobalSection
	GlobalSection(SolutionProperties) = preSolution
		HideSolutionNode = FALSE
	EndGlobalSection
	GlobalSection(ExtensibilityGlobals) = postSolution
		SolutionGuid = {BEF4D0CF-E794-43F5-87C2-CF5B6E62863C}
	EndGlobalSection
EndGlobal
